# THIS IS AN AUTOGENERATED FILE. DO NOT EDIT THIS FILE DIRECTLY.
# yarn lockfile v1


"@rails/actioncable@^7.0.4-3":
  version "7.0.4-3"
  resolved "https://registry.yarnpkg.com/@rails/actioncable/-/actioncable-7.0.4-3.tgz#f352f9b481294e135818275688ae0331f9bf3b31"
  integrity sha512-sqf+G/8UfoFbA8n0FwJ1Ysl5lnwRnhluWpJW50ERYAIEqeNmeADIs9J1de6S4Wp7KwmyavwzT3OSgMd9rwZ6lw==

"@rails/activestorage@^7.0.4-3":
  version "7.0.4-3"
  resolved "https://registry.yarnpkg.com/@rails/activestorage/-/activestorage-7.0.4-3.tgz#ffdc5cb3bfef842c80c42db03dc26d862b2e9e08"
  integrity sha512-elTffC5AbJsnz5SV2UFTUBH9+nO1xWRBe+E7A8x+6kAr/3yv6s/yWOUjbxiPPzVPyiihxJXuZ5zpvCdzwBpksA==
  dependencies:
    spark-md5 "^3.0.1"

"@rails/ujs@^7.0.4-3":
  version "7.0.4-3"
  resolved "https://registry.yarnpkg.com/@rails/ujs/-/ujs-7.0.4-3.tgz#a90a31189db702ac7a9e95b18c09503025fb4951"
  integrity sha512-JttmF98C1xTVcCSWSDwbqF0IPrCKD6lpeB9uy4VjGYniZIidgSq0fSX1vmHxCH7CuSmsIFMNJ6LtLyCAb8Y6Ng==

spark-md5@^3.0.1:
  version "3.0.2"
  resolved "https://registry.yarnpkg.com/spark-md5/-/spark-md5-3.0.2.tgz#7952c4a30784347abcee73268e473b9c0167e3fc"
  integrity sha512-wcFzz9cDfbuqe0FZzfi2or1sgyIrsDwmPwfZC4hiNidPdPINjeUwNfv5kldczoEAcjl9Y1L3SM7Uz2PUEQzxQw==
